
Microsoft Visual Studio Solution File, Format Version 12.00
# Visual Studio Version 17
VisualStudioVersion = 17.14.36414.22 d17.14
MinimumVisualStudioVersion = 10.0.40219.1
Project("{FAE04EC0-301F-11D3-BF4B-00C04F79EFBC}") = "WebTests", "WebRegressionTests\WebTests.csproj", "{643F00BF-FC6F-4CCA-83E5-8CB01D046A6D}"
EndProject
Global
	GlobalSection(SolutionConfigurationPlatforms) = preSolution
		Debug|Any CPU = Debug|Any CPU
		Release|Any CPU = Release|Any CPU
	EndGlobalSection
	GlobalSection(ProjectConfigurationPlatforms) = postSolution
		{643F00BF-FC6F-4CCA-83E5-8CB01D046A6D}.Debug|Any CPU.ActiveCfg = Debug|Any CPU
		{643F00BF-FC6F-4CCA-83E5-8CB01D046A6D}.Debug|Any CPU.Build.0 = Debug|Any CPU
		{643F00BF-FC6F-4CCA-83E5-8CB01D046A6D}.Release|Any CPU.ActiveCfg = Release|Any CPU
		{643F00BF-FC6F-4CCA-83E5-8CB01D046A6D}.Release|Any CPU.Build.0 = Release|Any CPU
	EndGlobalSection
	GlobalSection(SolutionProperties) = preSolution
		HideSolutionNode = FALSE
	EndGlobalSection
	GlobalSection(ExtensibilityGlobals) = postSolution
		SolutionGuid = {20C09AE3-A67C-4136-BCCD-78BE269B8CDE}
	EndGlobalSection
EndGlobal
